
Microsoft Visual Studio Solution File, Format Version 12.00
# Visual Studio Version 17
VisualStudioVersion = 17.8.34322.80
MinimumVisualStudioVersion = 10.0.40219.1
Project("{FAE04EC0-301F-11D3-BF4B-00C04F79EFBC}") = "ExcelToDbTool", "ExcelToDbTool\ExcelToDbTool.csproj", "{308DD790-9F67-4094-9652-B8FAC0504DF3}"
EndProject
Global
	GlobalSection(SolutionConfigurationPlatforms) = preSolution
		Debug|Any CPU = Debug|Any CPU
		Release|Any CPU = Release|Any CPU
	EndGlobalSection
	GlobalSection(ProjectConfigurationPlatforms) = postSolution
		{308DD790-9F67-4094-9652-B8FAC0504DF3}.Debug|Any CPU.ActiveCfg = Debug|Any CPU
		{308DD790-9F67-4094-9652-B8FAC0504DF3}.Debug|Any CPU.Build.0 = Debug|Any CPU
		{308DD790-9F67-4094-9652-B8FAC0504DF3}.Release|Any CPU.ActiveCfg = Release|Any CPU
		{308DD790-9F67-4094-9652-B8FAC0504DF3}.Release|Any CPU.Build.0 = Release|Any CPU
	EndGlobalSection
	GlobalSection(SolutionProperties) = preSolution
		HideSolutionNode = FALSE
	EndGlobalSection
	GlobalSection(ExtensibilityGlobals) = postSolution
		SolutionGuid = {F784452D-DD97-41A7-96D3-3C8F243EE1B0}
	EndGlobalSection
EndGlobal
